
Microsoft Visual Studio Solution File, Format Version 12.00
# Visual Studio Version 16
VisualStudioVersion = 16.0.31205.134
MinimumVisualStudioVersion = 10.0.40219.1
Project("{FAE04EC0-301F-11D3-BF4B-00C04F79EFBC}") = "OOP LR 13", "OOP LR 13\OOP LR 13.csproj", "{DDAD1139-D62E-4B14-8B91-11DC0B1D69E9}"
EndProject
Global
	GlobalSection(SolutionConfigurationPlatforms) = preSolution
		Debug|Any CPU = Debug|Any CPU
		Release|Any CPU = Release|Any CPU
	EndGlobalSection
	GlobalSection(ProjectConfigurationPlatforms) = postSolution
		{DDAD1139-D62E-4B14-8B91-11DC0B1D69E9}.Debug|Any CPU.ActiveCfg = Debug|Any CPU
		{DDAD1139-D62E-4B14-8B91-11DC0B1D69E9}.Debug|Any CPU.Build.0 = Debug|Any CPU
		{DDAD1139-D62E-4B14-8B91-11DC0B1D69E9}.Release|Any CPU.ActiveCfg = Release|Any CPU
		{DDAD1139-D62E-4B14-8B91-11DC0B1D69E9}.Release|Any CPU.Build.0 = Release|Any CPU
	EndGlobalSection
	GlobalSection(SolutionProperties) = preSolution
		HideSolutionNode = FALSE
	EndGlobalSection
	GlobalSection(ExtensibilityGlobals) = postSolution
		SolutionGuid = {4D9087BD-6CA1-46AA-8F17-184595D0977B}
	EndGlobalSection
EndGlobal
